// !$*UTF8*$!
{
	archiveVersion = 1;
	classes = {
	};
	objectVersion = 51;
	objects = {

/* Begin PBXBuildFile section */
		45995C39268D636B000D012D /* AppDelegate.swift in Sources */ = {isa = PBXBuildFile; fileRef = 45995C38268D636B000D012D /* AppDelegate.swift */; };
		45995C3B268D636B000D012D /* SceneDelegate.swift in Sources */ = {isa = PBXBuildFile; fileRef = 45995C3A268D636B000D012D /* SceneDelegate.swift */; };
		45995C3D268D636B000D012D /* ViewController.swift in Sources */ = {isa = PBXBuildFile; fileRef = 45995C3C268D636B000D012D /* ViewController.swift */; };
		45995C40268D636B000D012D /* Main.storyboard in Resources */ = {isa = PBXBuildFile; fileRef = 45995C3E268D636B000D012D /* Main.storyboard */; };
		45995C42268D636C000D012D /* Assets.xcassets in Resources */ = {isa = PBXBuildFile; fileRef = 45995C41268D636C000D012D /* Assets.xcassets */; };
		45995C45268D636C000D012D /* LaunchScreen.storyboard in Resources */ = {isa = PBXBuildFile; fileRef = 45995C43268D636C000D012D /* LaunchScreen.storyboard */; };
		45995C56268DC399000D012D /* ProfileViewController.swift in Sources */ = {isa = PBXBuildFile; fileRef = 45995C55268DC399000D012D /* ProfileViewController.swift */; };
		B31231C108DF3DE43EBDC94D /* Pods_Waterbot.framework in Frameworks */ = {isa = PBXBuildFile; fileRef = 5CC9884CB504877BE1B0305E /* Pods_Waterbot.framework */; };
/* End PBXBuildFile section */

/* Begin PBXFileReference section */
		308E1378E4971895F021AD53 /* Pods-Waterbot.release.xcconfig */ = {isa = PBXFileReference; includeInIndex = 1; lastKnownFileType = text.xcconfig; name = "Pods-Waterbot.release.xcconfig"; path = "Target Support Files/Pods-Waterbot/Pods-Waterbot.release.xcconfig"; sourceTree = "<group>"; };
		45995C35268D636B000D012D /* Waterbot.app */ = {isa = PBXFileReference; explicitFileType = wrapper.application; includeInIndex = 0; path = Waterbot.app; sourceTree = BUILT_PRODUCTS_DIR; };
		45995C38268D636B000D012D /* AppDelegate.swift */ = {isa = PBXFileReference; lastKnownFileType = sourcecode.swift; path = AppDelegate.swift; sourceTree = "<group>"; };
		45995C3A268D636B000D012D /* SceneDelegate.swift */ = {isa = PBXFileReference; lastKnownFileType = sourcecode.swift; path = SceneDelegate.swift; sourceTree = "<group>"; };
		45995C3C268D636B000D012D /* ViewController.swift */ = {isa = PBXFileReference; lastKnownFileType = sourcecode.swift; path = ViewController.swift; sourceTree = "<group>"; };
		45995C3F268D636B000D012D /* Base */ = {isa = PBXFileReference; lastKnownFileType = file.storyboard; name = Base; path = Base.lproj/Main.storyboard; sourceTree = "<group>"; };
		45995C41268D636C000D012D /* Assets.xcassets */ = {isa = PBXFileReference; lastKnownFileType = folder.assetcatalog; path = Assets.xcassets; sourceTree = "<group>"; };
		45995C44268D636C000D012D /* Base */ = {isa = PBXFileReference; lastKnownFileType = file.storyboard; name = Base; path = Base.lproj/LaunchScreen.storyboard; sourceTree = "<group>"; };
		45995C46268D636C000D012D /* Info.plist */ = {isa = PBXFileReference; lastKnownFileType = text.plist.xml; path = Info.plist; sourceTree = "<group>"; };
		45995C55268DC399000D012D /* ProfileViewController.swift */ = {isa = PBXFileReference; lastKnownFileType = sourcecode.swift; path = ProfileViewController.swift; sourceTree = "<group>"; };
		5CC9884CB504877BE1B0305E /* Pods_Waterbot.framework */ = {isa = PBXFileReference; explicitFileType = wrapper.framework; includeInIndex = 0; path = Pods_Waterbot.framework; sourceTree = BUILT_PRODUCTS_DIR; };
		AA2A37406451C59A3A5C686D /* Pods-Waterbot.debug.xcconfig */ = {isa = PBXFileReference; includeInIndex = 1; lastKnownFileType = text.xcconfig; name = "Pods-Waterbot.debug.xcconfig"; path = "Target Support Files/Pods-Waterbot/Pods-Waterbot.debug.xcconfig"; sourceTree = "<group>"; };
/* End PBXFileReference section */

/* Begin PBXFrameworksBuildPhase section */
		45995C32268D636B000D012D /* Frameworks */ = {
			isa = PBXFrameworksBuildPhase;
			buildActionMask = 2147483647;
			files = (
				B31231C108DF3DE43EBDC94D /* Pods_Waterbot.framework in Frameworks */,
			);
			runOnlyForDeploymentPostprocessing = 0;
		};
/* End PBXFrameworksBuildPhase section */

/* Begin PBXGroup section */
		45995C2C268D636B000D012D = {
			isa = PBXGroup;
			children = (
				45995C37268D636B000D012D /* Waterbot */,
				45995C36268D636B000D012D /* Products */,
				6E48D630897E2EFFD27C9619 /* Pods */,
				892A9DD95877622084EA7503 /* Frameworks */,
			);
			sourceTree = "<group>";
		};
		45995C36268D636B000D012D /* Products */ = {
			isa = PBXGroup;
			children = (
				45995C35268D636B000D012D /* Waterbot.app */,
			);
			name = Products;
			sourceTree = "<group>";
		};
		45995C37268D636B000D012D /* Waterbot */ = {
			isa = PBXGroup;
			children = (
				45A4B5D9269EC6F500CFCE17 /* Controller */,
				45A4B5D8269EC6E800CFCE17 /* View */,
				45995C38268D636B000D012D /* AppDelegate.swift */,
				45995C3A268D636B000D012D /* SceneDelegate.swift */,
				45995C41268D636C000D012D /* Assets.xcassets */,
				45995C43268D636C000D012D /* LaunchScreen.storyboard */,
				45995C46268D636C000D012D /* Info.plist */,
			);
			path = Waterbot;
			sourceTree = "<group>";
		};
		45A4B5D8269EC6E800CFCE17 /* View */ = {
			isa = PBXGroup;
			children = (
				45995C3E268D636B000D012D /* Main.storyboard */,
			);
			path = View;
			sourceTree = "<group>";
		};
		45A4B5D9269EC6F500CFCE17 /* Controller */ = {
			isa = PBXGroup;
			children = (
				45995C55268DC399000D012D /* ProfileViewController.swift */,
				45995C3C268D636B000D012D /* ViewController.swift */,
			);
			path = Controller;
			sourceTree = "<group>";
		};
		6E48D630897E2EFFD27C9619 /* Pods */ = {
			isa = PBXGroup;
			children = (
				AA2A37406451C59A3A5C686D /* Pods-Waterbot.debug.xcconfig */,
				308E1378E4971895F021AD53 /* Pods-Waterbot.release.xcconfig */,
			);
			path = Pods;
			sourceTree = "<group>";
		};
		892A9DD95877622084EA7503 /* Frameworks */ = {
			isa = PBXGroup;
			children = (
				5CC9884CB504877BE1B0305E /* Pods_Waterbot.framework */,
			);
			name = Frameworks;
			sourceTree = "<group>";
		};
/* End PBXGroup section */

/* Begin PBXNativeTarget section */
		45995C34268D636B000D012D /* Waterbot */ = {
			isa = PBXNativeTarget;
			buildConfigurationList = 45995C49268D636C000D012D /* Build configuration list for PBXNativeTarget "Waterbot" */;
			buildPhases = (
				164951830B6BB42487C09F73 /* [CP] Check Pods Manifest.lock */,
				45995C31268D636B000D012D /* Sources */,
				45995C32268D636B000D012D /* Frameworks */,
				45995C33268D636B000D012D /* Resources */,
				E570B46FA41ACD06D723BB41 /* [CP] Embed Pods Frameworks */,
			);
			buildRules = (
			);
			dependencies = (
			);
			name = Waterbot;
			productName = Waterbot;
			productReference = 45995C35268D636B000D012D /* Waterbot.app */;
			productType = "com.apple.product-type.application";
		};
/* End PBXNativeTarget section */

/* Begin PBXProject section */
		45995C2D268D636B000D012D /* Project object */ = {
			isa = PBXProject;
			attributes = {
				LastSwiftUpdateCheck = 1220;
				LastUpgradeCheck = 1220;
				TargetAttributes = {
					45995C34268D636B000D012D = {
						CreatedOnToolsVersion = 12.2;
					};
				};
			};
			buildConfigurationList = 45995C30268D636B000D012D /* Build configuration list for PBXProject "Waterbot" */;
			compatibilityVersion = "Xcode 9.3";
			developmentRegion = en;
			hasScannedForEncodings = 0;
			knownRegions = (
				en,
				Base,
			);
			mainGroup = 45995C2C268D636B000D012D;
			productRefGroup = 45995C36268D636B000D012D /* Products */;
			projectDirPath = "";
			projectRoot = "";
			targets = (
				45995C34268D636B000D012D /* Waterbot */,
			);
		};
/* End PBXProject section */

/* Begin PBXResourcesBuildPhase section */
		45995C33268D636B000D012D /* Resources */ = {
			isa = PBXResourcesBuildPhase;
			buildActionMask = 2147483647;
			files = (
				45995C45268D636C000D012D /* LaunchScreen.storyboard in Resources */,
				45995C42268D636C000D012D /* Assets.xcassets in Resources */,
				45995C40268D636B000D012D /* Main.storyboard in Resources */,
			);
			runOnlyForDeploymentPostprocessing = 0;
		};
/* End PBXResourcesBuildPhase section */

/* Begin PBXShellScriptBuildPhase section */
		164951830B6BB42487C09F73 /* [CP] Check Pods Manifest.lock */ = {
			isa = PBXShellScriptBuildPhase;
			buildActionMask = 2147483647;
			files = (
			);
			inputFileListPaths = (
			);
			inputPaths = (
				"${PODS_PODFILE_DIR_PATH}/Podfile.lock",
				"${PODS_ROOT}/Manifest.lock",
			);
			name = "[CP] Check Pods Manifest.lock";
			outputFileListPaths = (
			);
			outputPaths = (
				"$(DERIVED_FILE_DIR)/Pods-Waterbot-checkManifestLockResult.txt",
			);
			runOnlyForDeploymentPostprocessing = 0;
			shellPath = /bin/sh;
			shellScript = "diff \"${PODS_PODFILE_DIR_PATH}/Podfile.lock\" \"${PODS_ROOT}/Manifest.lock\" > /dev/null\nif [ $? != 0 ] ; then\n    # print error to STDERR\n    echo \"error: The sandbox is not in sync with the Podfile.lock. Run 'pod install' or update your CocoaPods installation.\" >&2\n    exit 1\nfi\n# This output is used by Xcode 'outputs' to avoid re-running this script phase.\necho \"SUCCESS\" > \"${SCRIPT_OUTPUT_FILE_0}\"\n";
			showEnvVarsInLog = 0;
		};
		E570B46FA41ACD06D723BB41 /* [CP] Embed Pods Frameworks */ = {
			isa = PBXShellScriptBuildPhase;
			buildActionMask = 2147483647;
			files = (
			);
			inputFileListPaths = (
				"${PODS_ROOT}/Target Support Files/Pods-Waterbot/Pods-Waterbot-frameworks-${CONFIGURATION}-input-files.xcfilelist",
			);
			name = "[CP] Embed Pods Frameworks";
			outputFileListPaths = (
				"${PODS_ROOT}/Target Support Files/Pods-Waterbot/Pods-Waterbot-frameworks-${CONFIGURATION}-output-files.xcfilelist",
			);
			runOnlyForDeploymentPostprocessing = 0;
			shellPath = /bin/sh;
			shellScript = "\"${PODS_ROOT}/Target Support Files/Pods-Waterbot/Pods-Waterbot-frameworks.sh\"\n";
			showEnvVarsInLog = 0;
		};
/* End PBXShellScriptBuildPhase section */

/* Begin PBXSourcesBuildPhase section */
		45995C31268D636B000D012D /* Sources */ = {
			isa = PBXSourcesBuildPhase;
			buildActionMask = 2147483647;
			files = (
				45995C3D268D636B000D012D /* ViewController.swift in Sources */,
				45995C39268D636B000D012D /* AppDelegate.swift in Sources */,
				45995C56268DC399000D012D /* ProfileViewController.swift in Sources */,
				45995C3B268D636B000D012D /* SceneDelegate.swift in Sources */,
			);
			runOnlyForDeploymentPostprocessing = 0;
		};
/* End PBXSourcesBuildPhase section */

/* Begin PBXVariantGroup section */
		45995C3E268D636B000D012D /* Main.storyboard */ = {
			isa = PBXVariantGroup;
			children = (
				45995C3F268D636B000D012D /* Base */,
			);
			name = Main.storyboard;
			sourceTree = "<group>";
		};
		45995C43268D636C000D012D /* LaunchScreen.storyboard */ = {
			isa = PBXVariantGroup;
			children = (
				45995C44268D636C000D012D /* Base */,
			);
			name = LaunchScreen.storyboard;
			sourceTree = "<group>";
		};
/* End PBXVariantGroup section */

/* Begin XCBuildConfiguration section */
		45995C47268D636C000D012D /* Debug */ = {
			isa = XCBuildConfiguration;
			buildSettings = {
				ALWAYS_SEARCH_USER_PATHS = NO;
				CLANG_ANALYZER_NONNULL = YES;
				CLANG_ANALYZER_NUMBER_OBJECT_CONVERSION = YES_AGGRESSIVE;
				CLANG_CXX_LANGUAGE_STANDARD = "gnu++14";
				CLANG_CXX_LIBRARY = "libc++";
				CLANG_ENABLE_MODULES = YES;
				CLANG_ENABLE_OBJC_ARC = YES;
				CLANG_ENABLE_OBJC_WEAK = YES;
				CLANG_WARN_BLOCK_CAPTURE_AUTORELEASING = YES;
				CLANG_WARN_BOOL_CONVERSION = YES;
				CLANG_WARN_COMMA = YES;
				CLANG_WARN_CONSTANT_CONVERSION = YES;
				CLANG_WARN_DEPRECATED_OBJC_IMPLEMENTATIONS = YES;
				CLANG_WARN_DIRECT_OBJC_ISA_USAGE = YES_ERROR;
				CLANG_WARN_DOCUMENTATION_COMMENTS = YES;
				CLANG_WARN_EMPTY_BODY = YES;
				CLANG_WARN_ENUM_CONVERSION = YES;
				CLANG_WARN_INFINITE_RECURSION = YES;
				CLANG_WARN_INT_CONVERSION = YES;
				CLANG_WARN_NON_LITERAL_NULL_CONVERSION = YES;
				CLANG_WARN_OBJC_IMPLICIT_RETAIN_SELF = YES;
				CLANG_WARN_OBJC_LITERAL_CONVERSION = YES;
				CLANG_WARN_OBJC_ROOT_CLASS = YES_ERROR;
				CLANG_WARN_QUOTED_INCLUDE_IN_FRAMEWORK_HEADER = YES;
				CLANG_WARN_RANGE_LOOP_ANALYSIS = YES;
				CLANG_WARN_STRICT_PROTOTYPES = YES;
				CLANG_WARN_SUSPICIOUS_MOVE = YES;
				CLANG_WARN_UNGUARDED_AVAILABILITY = YES_AGGRESSIVE;
				CLANG_WARN_UNREACHABLE_CODE = YES;
				CLANG_WARN__DUPLICATE_METHOD_MATCH = YES;
				COPY_PHASE_STRIP = NO;
				DEBUG_INFORMATION_FORMAT = dwarf;
				ENABLE_STRICT_OBJC_MSGSEND = YES;
				ENABLE_TESTABILITY = YES;
				GCC_C_LANGUAGE_STANDARD = gnu11;
				GCC_DYNAMIC_NO_PIC = NO;
				GCC_NO_COMMON_BLOCKS = YES;
				GCC_OPTIMIZATION_LEVEL = 0;
				GCC_PREPROCESSOR_DEFINITIONS = (
					"DEBUG=1",
					"$(inherited)",
				);
				GCC_WARN_64_TO_32_BIT_CONVERSION = YES;
				GCC_WARN_ABOUT_RETURN_TYPE = YES_ERROR;
				GCC_WARN_UNDECLARED_SELECTOR = YES;
				GCC_WARN_UNINITIALIZED_AUTOS = YES_AGGRESSIVE;
				GCC_WARN_UNUSED_FUNCTION = YES;
				GCC_WARN_UNUSED_VARIABLE = YES;
				IPHONEOS_DEPLOYMENT_TARGET = 14.2;
				MTL_ENABLE_DEBUG_INFO = INCLUDE_SOURCE;
				MTL_FAST_MATH = YES;
				ONLY_ACTIVE_ARCH = YES;
				SDKROOT = iphoneos;
				SWIFT_ACTIVE_COMPILATION_CONDITIONS = DEBUG;
				SWIFT_OPTIMIZATION_LEVEL = "-Onone";
			};
			name = Debug;
		};
		45995C48268D636C000D012D /* Release */ = {
			isa = XCBuildConfiguration;
			buildSettings = {
				ALWAYS_SEARCH_USER_PATHS = NO;
				CLANG_ANALYZER_NONNULL = YES;
				CLANG_ANALYZER_NUMBER_OBJECT_CONVERSION = YES_AGGRESSIVE;
				CLANG_CXX_LANGUAGE_STANDARD = "gnu++14";
				CLANG_CXX_LIBRARY = "libc++";
				CLANG_ENABLE_MODULES = YES;
				CLANG_ENABLE_OBJC_ARC = YES;
				CLANG_ENABLE_OBJC_WEAK = YES;
				CLANG_WARN_BLOCK_CAPTURE_AUTORELEASING = YES;
				CLANG_WARN_BOOL_CONVERSION = YES;
				CLANG_WARN_COMMA = YES;
				CLANG_WARN_CONSTANT_CONVERSION = YES;
				CLANG_WARN_DEPRECATED_OBJC_IMPLEMENTATIONS = YES;
				CLANG_WARN_DIRECT_OBJC_ISA_USAGE = YES_ERROR;
				CLANG_WARN_DOCUMENTATION_COMMENTS = YES;
				CLANG_WARN_EMPTY_BODY = YES;
				CLANG_WARN_ENUM_CONVERSION = YES;
				CLANG_WARN_INFINITE_RECURSION = YES;
				CLANG_WARN_INT_CONVERSION = YES;
				CLANG_WARN_NON_LITERAL_NULL_CONVERSION = YES;
				CLANG_WARN_OBJC_IMPLICIT_RETAIN_SELF = YES;
				CLANG_WARN_OBJC_LITERAL_CONVERSION = YES;
				CLANG_WARN_OBJC_ROOT_CLASS = YES_ERROR;
				CLANG_WARN_QUOTED_INCLUDE_IN_FRAMEWORK_HEADER = YES;
				CLANG_WARN_RANGE_LOOP_ANALYSIS = YES;
				CLANG_WARN_STRICT_PROTOTYPES = YES;
				CLANG_WARN_SUSPICIOUS_MOVE = YES;
				CLANG_WARN_UNGUARDED_AVAILABILITY = YES_AGGRESSIVE;
				CLANG_WARN_UNREACHABLE_CODE = YES;
				CLANG_WARN__DUPLICATE_METHOD_MATCH = YES;
				COPY_PHASE_STRIP = NO;
				DEBUG_INFORMATION_FORMAT = "dwarf-with-dsym";
				ENABLE_NS_ASSERTIONS = NO;
				ENABLE_STRICT_OBJC_MSGSEND = YES;
				GCC_C_LANGUAGE_STANDARD = gnu11;
				GCC_NO_COMMON_BLOCKS = YES;
				GCC_WARN_64_TO_32_BIT_CONVERSION = YES;
				GCC_WARN_ABOUT_RETURN_TYPE = YES_ERROR;
				GCC_WARN_UNDECLARED_SELECTOR = YES;
				GCC_WARN_UNINITIALIZED_AUTOS = YES_AGGRESSIVE;
				GCC_WARN_UNUSED_FUNCTION = YES;
				GCC_WARN_UNUSED_VARIABLE = YES;
				IPHONEOS_DEPLOYMENT_TARGET = 14.2;
				MTL_ENABLE_DEBUG_INFO = NO;
				MTL_FAST_MATH = YES;
				SDKROOT = iphoneos;
				SWIFT_COMPILATION_MODE = wholemodule;
				SWIFT_OPTIMIZATION_LEVEL = "-O";
				VALIDATE_PRODUCT = YES;
			};
			name = Release;
		};
		45995C4A268D636C000D012D /* Debug */ = {
			isa = XCBuildConfiguration;
			baseConfigurationReference = AA2A37406451C59A3A5C686D /* Pods-Waterbot.debug.xcconfig */;
			buildSettings = {
				ASSETCATALOG_COMPILER_APPICON_NAME = AppIcon;
				ASSETCATALOG_COMPILER_GLOBAL_ACCENT_COLOR_NAME = AccentColor;
				CODE_SIGN_STYLE = Automatic;
				INFOPLIST_FILE = Waterbot/Info.plist;
				LD_RUNPATH_SEARCH_PATHS = (
					"$(inherited)",
					"@executable_path/Frameworks",
				);
				PRODUCT_BUNDLE_IDENTIFIER = l.n.t.Waterbot;
				PRODUCT_NAME = "$(TARGET_NAME)";
				SWIFT_VERSION = 5.0;
				TARGETED_DEVICE_FAMILY = "1,2";
			};
			name = Debug;
		};
		45995C4B268D636C000D012D /* Release */ = {
			isa = XCBuildConfiguration;
			baseConfigurationReference = 308E1378E4971895F021AD53 /* Pods-Waterbot.release.xcconfig */;
			buildSettings = {
				ASSETCATALOG_COMPILER_APPICON_NAME = AppIcon;
				ASSETCATALOG_COMPILER_GLOBAL_ACCENT_COLOR_NAME = AccentColor;
				CODE_SIGN_STYLE = Automatic;
				INFOPLIST_FILE = Waterbot/Info.plist;
				LD_RUNPATH_SEARCH_PATHS = (
					"$(inherited)",
					"@executable_path/Frameworks",
				);
				PRODUCT_BUNDLE_IDENTIFIER = l.n.t.Waterbot;
				PRODUCT_NAME = "$(TARGET_NAME)";
				SWIFT_VERSION = 5.0;
				TARGETED_DEVICE_FAMILY = "1,2";
			};
			name = Release;
		};
/* End XCBuildConfiguration section */

/* Begin XCConfigurationList section */
		45995C30268D636B000D012D /* Build configuration list for PBXProject "Waterbot" */ = {
			isa = XCConfigurationList;
			buildConfigurations = (
				45995C47268D636C000D012D /* Debug */,
				45995C48268D636C000D012D /* Release */,
			);
			defaultConfigurationIsVisible = 0;
			defaultConfigurationName = Release;
		};
		45995C49268D636C000D012D /* Build configuration list for PBXNativeTarget "Waterbot" */ = {
			isa = XCConfigurationList;
			buildConfigurations = (
				45995C4A268D636C000D012D /* Debug */,
				45995C4B268D636C000D012D /* Release */,
			);
			defaultConfigurationIsVisible = 0;
			defaultConfigurationName = Release;
		};
/* End XCConfigurationList section */
	};
	rootObject = 45995C2D268D636B000D012D /* Project object */;
}
